
Microsoft Visual Studio Solution File, Format Version 12.00
# Visual Studio 15
VisualStudioVersion = 15.0.26730.10
MinimumVisualStudioVersion = 10.0.40219.1
Project("{8BC9CEB8-8B4A-11D0-8D11-00A0C91BC942}") = "S02L01_Exceptions", "S02L01_Exceptions\S02L01_Exceptions.vcxproj", "{5240D2E5-1827-4D49-9761-89C5B0583352}"
EndProject
Project("{8BC9CEB8-8B4A-11D0-8D11-00A0C91BC942}") = "S02L02_Standard_Exceptions", "S02L02_Standard_Exceptions\S02L02_Standard_Exceptions.vcxproj", "{547C073C-A5AA-4B3E-A202-AA6FE033739D}"
EndProject
Project("{8BC9CEB8-8B4A-11D0-8D11-00A0C91BC942}") = "S02L03_Custom_Exceptions", "S02L03_Custom_Exceptions\S02L03_Custom_Exceptions.vcxproj", "{D9BBD081-37BE-4F40-98B3-33ECA573BDC2}"
EndProject
Project("{8BC9CEB8-8B4A-11D0-8D11-00A0C91BC942}") = "S02L04_Exceptions_Order", "S02L04_Exceptions_Order\S02L04_Exceptions_Order.vcxproj", "{22565B08-B03A-4545-AB04-3E6CFFBEE62D}"
EndProject
Project("{8BC9CEB8-8B4A-11D0-8D11-00A0C91BC942}") = "S03L01_Writing_Files", "S03L01_Writing_Files\S03L01_Writing_Files.vcxproj", "{A062CD26-A8B3-4F81-ACD9-AB2957A3B456}"
EndProject
Project("{8BC9CEB8-8B4A-11D0-8D11-00A0C91BC942}") = "S03L02_Reading_Files", "S03L02_Reeading_Files\S03L02_Reeading_Files.vcxproj", "{C2B7B7E5-22F4-465C-94E5-8C75B9605FB9}"
EndProject
Project("{8BC9CEB8-8B4A-11D0-8D11-00A0C91BC942}") = "S03L03_Parsing_Files", "S03L03_Parsing_Files\S03L03_Parsing_Files.vcxproj", "{B30020B6-C118-488C-B206-16C9AD115142}"
EndProject
Project("{8BC9CEB8-8B4A-11D0-8D11-00A0C91BC942}") = "S03L04_Bynary_Files", "S03L04_Bynary_Files\S03L04_Bynary_Files.vcxproj", "{17F0CC14-75DB-4FAC-A6A4-75DA9094B292}"
EndProject
Project("{8BC9CEB8-8B4A-11D0-8D11-00A0C91BC942}") = "S05L01_Overloaded_Assignment", "S05L01_Overloaded_Assignment\S05L01_Overloaded_Assignment.vcxproj", "{2B73A63C-4476-4B3C-8615-910EB1FF06E8}"
EndProject
Project("{8BC9CEB8-8B4A-11D0-8D11-00A0C91BC942}") = "S05L02_Overloaded_Left_Bit_Shift", "S05L02_Overloaded_Left_Bit_Shift\S05L02_Overloaded_Left_Bit_Shift.vcxproj", "{7BFC33B2-CD52-4E4B-BC11-C0AD5695E327}"
EndProject
Global
	GlobalSection(SolutionConfigurationPlatforms) = preSolution
		Debug|x64 = Debug|x64
		Debug|x86 = Debug|x86
		Release|x64 = Release|x64
		Release|x86 = Release|x86
	EndGlobalSection
	GlobalSection(ProjectConfigurationPlatforms) = postSolution
		{5240D2E5-1827-4D49-9761-89C5B0583352}.Debug|x64.ActiveCfg = Debug|x64
		{5240D2E5-1827-4D49-9761-89C5B0583352}.Debug|x64.Build.0 = Debug|x64
		{5240D2E5-1827-4D49-9761-89C5B0583352}.Debug|x86.ActiveCfg = Debug|Win32
		{5240D2E5-1827-4D49-9761-89C5B0583352}.Debug|x86.Build.0 = Debug|Win32
		{5240D2E5-1827-4D49-9761-89C5B0583352}.Release|x64.ActiveCfg = Release|x64
		{5240D2E5-1827-4D49-9761-89C5B0583352}.Release|x64.Build.0 = Release|x64
		{5240D2E5-1827-4D49-9761-89C5B0583352}.Release|x86.ActiveCfg = Release|Win32
		{5240D2E5-1827-4D49-9761-89C5B0583352}.Release|x86.Build.0 = Release|Win32
		{547C073C-A5AA-4B3E-A202-AA6FE033739D}.Debug|x64.ActiveCfg = Debug|x64
		{547C073C-A5AA-4B3E-A202-AA6FE033739D}.Debug|x64.Build.0 = Debug|x64
		{547C073C-A5AA-4B3E-A202-AA6FE033739D}.Debug|x86.ActiveCfg = Debug|Win32
		{547C073C-A5AA-4B3E-A202-AA6FE033739D}.Debug|x86.Build.0 = Debug|Win32
		{547C073C-A5AA-4B3E-A202-AA6FE033739D}.Release|x64.ActiveCfg = Release|x64
		{547C073C-A5AA-4B3E-A202-AA6FE033739D}.Release|x64.Build.0 = Release|x64
		{547C073C-A5AA-4B3E-A202-AA6FE033739D}.Release|x86.ActiveCfg = Release|Win32
		{547C073C-A5AA-4B3E-A202-AA6FE033739D}.Release|x86.Build.0 = Release|Win32
		{D9BBD081-37BE-4F40-98B3-33ECA573BDC2}.Debug|x64.ActiveCfg = Debug|x64
		{D9BBD081-37BE-4F40-98B3-33ECA573BDC2}.Debug|x64.Build.0 = Debug|x64
		{D9BBD081-37BE-4F40-98B3-33ECA573BDC2}.Debug|x86.ActiveCfg = Debug|Win32
		{D9BBD081-37BE-4F40-98B3-33ECA573BDC2}.Debug|x86.Build.0 = Debug|Win32
		{D9BBD081-37BE-4F40-98B3-33ECA573BDC2}.Release|x64.ActiveCfg = Release|x64
		{D9BBD081-37BE-4F40-98B3-33ECA573BDC2}.Release|x64.Build.0 = Release|x64
		{D9BBD081-37BE-4F40-98B3-33ECA573BDC2}.Release|x86.ActiveCfg = Release|Win32
		{D9BBD081-37BE-4F40-98B3-33ECA573BDC2}.Release|x86.Build.0 = Release|Win32
		{22565B08-B03A-4545-AB04-3E6CFFBEE62D}.Debug|x64.ActiveCfg = Debug|x64
		{22565B08-B03A-4545-AB04-3E6CFFBEE62D}.Debug|x64.Build.0 = Debug|x64
		{22565B08-B03A-4545-AB04-3E6CFFBEE62D}.Debug|x86.ActiveCfg = Debug|Win32
		{22565B08-B03A-4545-AB04-3E6CFFBEE62D}.Debug|x86.Build.0 = Debug|Win32
		{22565B08-B03A-4545-AB04-3E6CFFBEE62D}.Release|x64.ActiveCfg = Release|x64
		{22565B08-B03A-4545-AB04-3E6CFFBEE62D}.Release|x64.Build.0 = Release|x64
		{22565B08-B03A-4545-AB04-3E6CFFBEE62D}.Release|x86.ActiveCfg = Release|Win32
		{22565B08-B03A-4545-AB04-3E6CFFBEE62D}.Release|x86.Build.0 = Release|Win32
		{A062CD26-A8B3-4F81-ACD9-AB2957A3B456}.Debug|x64.ActiveCfg = Debug|x64
		{A062CD26-A8B3-4F81-ACD9-AB2957A3B456}.Debug|x64.Build.0 = Debug|x64
		{A062CD26-A8B3-4F81-ACD9-AB2957A3B456}.Debug|x86.ActiveCfg = Debug|Win32
		{A062CD26-A8B3-4F81-ACD9-AB2957A3B456}.Debug|x86.Build.0 = Debug|Win32
		{A062CD26-A8B3-4F81-ACD9-AB2957A3B456}.Release|x64.ActiveCfg = Release|x64
		{A062CD26-A8B3-4F81-ACD9-AB2957A3B456}.Release|x64.Build.0 = Release|x64
		{A062CD26-A8B3-4F81-ACD9-AB2957A3B456}.Release|x86.ActiveCfg = Release|Win32
		{A062CD26-A8B3-4F81-ACD9-AB2957A3B456}.Release|x86.Build.0 = Release|Win32
		{C2B7B7E5-22F4-465C-94E5-8C75B9605FB9}.Debug|x64.ActiveCfg = Debug|x64
		{C2B7B7E5-22F4-465C-94E5-8C75B9605FB9}.Debug|x64.Build.0 = Debug|x64
		{C2B7B7E5-22F4-465C-94E5-8C75B9605FB9}.Debug|x86.ActiveCfg = Debug|Win32
		{C2B7B7E5-22F4-465C-94E5-8C75B9605FB9}.Debug|x86.Build.0 = Debug|Win32
		{C2B7B7E5-22F4-465C-94E5-8C75B9605FB9}.Release|x64.ActiveCfg = Release|x64
		{C2B7B7E5-22F4-465C-94E5-8C75B9605FB9}.Release|x64.Build.0 = Release|x64
		{C2B7B7E5-22F4-465C-94E5-8C75B9605FB9}.Release|x86.ActiveCfg = Release|Win32
		{C2B7B7E5-22F4-465C-94E5-8C75B9605FB9}.Release|x86.Build.0 = Release|Win32
		{B30020B6-C118-488C-B206-16C9AD115142}.Debug|x64.ActiveCfg = Debug|x64
		{B30020B6-C118-488C-B206-16C9AD115142}.Debug|x64.Build.0 = Debug|x64
		{B30020B6-C118-488C-B206-16C9AD115142}.Debug|x86.ActiveCfg = Debug|Win32
		{B30020B6-C118-488C-B206-16C9AD115142}.Debug|x86.Build.0 = Debug|Win32
		{B30020B6-C118-488C-B206-16C9AD115142}.Release|x64.ActiveCfg = Release|x64
		{B30020B6-C118-488C-B206-16C9AD115142}.Release|x64.Build.0 = Release|x64
		{B30020B6-C118-488C-B206-16C9AD115142}.Release|x86.ActiveCfg = Release|Win32
		{B30020B6-C118-488C-B206-16C9AD115142}.Release|x86.Build.0 = Release|Win32
		{17F0CC14-75DB-4FAC-A6A4-75DA9094B292}.Debug|x64.ActiveCfg = Debug|x64
		{17F0CC14-75DB-4FAC-A6A4-75DA9094B292}.Debug|x64.Build.0 = Debug|x64
		{17F0CC14-75DB-4FAC-A6A4-75DA9094B292}.Debug|x86.ActiveCfg = Debug|Win32
		{17F0CC14-75DB-4FAC-A6A4-75DA9094B292}.Debug|x86.Build.0 = Debug|Win32
		{17F0CC14-75DB-4FAC-A6A4-75DA9094B292}.Release|x64.ActiveCfg = Release|x64
		{17F0CC14-75DB-4FAC-A6A4-75DA9094B292}.Release|x64.Build.0 = Release|x64
		{17F0CC14-75DB-4FAC-A6A4-75DA9094B292}.Release|x86.ActiveCfg = Release|Win32
		{17F0CC14-75DB-4FAC-A6A4-75DA9094B292}.Release|x86.Build.0 = Release|Win32
		{2B73A63C-4476-4B3C-8615-910EB1FF06E8}.Debug|x64.ActiveCfg = Debug|x64
		{2B73A63C-4476-4B3C-8615-910EB1FF06E8}.Debug|x64.Build.0 = Debug|x64
		{2B73A63C-4476-4B3C-8615-910EB1FF06E8}.Debug|x86.ActiveCfg = Debug|Win32
		{2B73A63C-4476-4B3C-8615-910EB1FF06E8}.Debug|x86.Build.0 = Debug|Win32
		{2B73A63C-4476-4B3C-8615-910EB1FF06E8}.Release|x64.ActiveCfg = Release|x64
		{2B73A63C-4476-4B3C-8615-910EB1FF06E8}.Release|x64.Build.0 = Release|x64
		{2B73A63C-4476-4B3C-8615-910EB1FF06E8}.Release|x86.ActiveCfg = Release|Win32
		{2B73A63C-4476-4B3C-8615-910EB1FF06E8}.Release|x86.Build.0 = Release|Win32
		{7BFC33B2-CD52-4E4B-BC11-C0AD5695E327}.Debug|x64.ActiveCfg = Debug|x64
		{7BFC33B2-CD52-4E4B-BC11-C0AD5695E327}.Debug|x64.Build.0 = Debug|x64
		{7BFC33B2-CD52-4E4B-BC11-C0AD5695E327}.Debug|x86.ActiveCfg = Debug|Win32
		{7BFC33B2-CD52-4E4B-BC11-C0AD5695E327}.Debug|x86.Build.0 = Debug|Win32
		{7BFC33B2-CD52-4E4B-BC11-C0AD5695E327}.Release|x64.ActiveCfg = Release|x64
		{7BFC33B2-CD52-4E4B-BC11-C0AD5695E327}.Release|x64.Build.0 = Release|x64
		{7BFC33B2-CD52-4E4B-BC11-C0AD5695E327}.Release|x86.ActiveCfg = Release|Win32
		{7BFC33B2-CD52-4E4B-BC11-C0AD5695E327}.Release|x86.Build.0 = Release|Win32
	EndGlobalSection
	GlobalSection(SolutionProperties) = preSolution
		HideSolutionNode = FALSE
	EndGlobalSection
	GlobalSection(ExtensibilityGlobals) = postSolution
		SolutionGuid = {B85B0368-D147-4532-AAFA-464703D5CBFC}
	EndGlobalSection
EndGlobal
